
Microsoft Visual Studio Solution File, Format Version 12.00
# Visual Studio Version 16
VisualStudioVersion = 16.0.31515.178
MinimumVisualStudioVersion = 10.0.40219.1
Project("{FAE04EC0-301F-11D3-BF4B-00C04F79EFBC}") = "FormularioEventos", "FormularioEventos\FormularioEventos.csproj", "{F5037757-D383-4A0F-9ED9-3A1A43FF55C2}"
EndProject
Project("{54435603-DBB4-11D2-8724-00A0C9A8B90C}") = "Installer", "Installer\Installer.vdproj", "{B3388CF4-59DB-42D0-A867-275CBA4F2213}"
EndProject
Global
	GlobalSection(SolutionConfigurationPlatforms) = preSolution
		Debug|Any CPU = Debug|Any CPU
		Release|Any CPU = Release|Any CPU
	EndGlobalSection
	GlobalSection(ProjectConfigurationPlatforms) = postSolution
		{F5037757-D383-4A0F-9ED9-3A1A43FF55C2}.Debug|Any CPU.ActiveCfg = Debug|Any CPU
		{F5037757-D383-4A0F-9ED9-3A1A43FF55C2}.Debug|Any CPU.Build.0 = Debug|Any CPU
		{F5037757-D383-4A0F-9ED9-3A1A43FF55C2}.Release|Any CPU.ActiveCfg = Release|Any CPU
		{F5037757-D383-4A0F-9ED9-3A1A43FF55C2}.Release|Any CPU.Build.0 = Release|Any CPU
		{B3388CF4-59DB-42D0-A867-275CBA4F2213}.Debug|Any CPU.ActiveCfg = Debug
		{B3388CF4-59DB-42D0-A867-275CBA4F2213}.Release|Any CPU.ActiveCfg = Release
	EndGlobalSection
	GlobalSection(SolutionProperties) = preSolution
		HideSolutionNode = FALSE
	EndGlobalSection
	GlobalSection(ExtensibilityGlobals) = postSolution
		SolutionGuid = {C8C37296-73B1-48AE-B786-73576A545B56}
	EndGlobalSection
EndGlobal
